
Microsoft Visual Studio Solution File, Format Version 12.00
# Visual Studio Version 17
VisualStudioVersion = 17.0.31903.59
MinimumVisualStudioVersion = 10.0.40219.1
Project("{888888A0-9F3D-457C-B088-3A5042F75D52}") = "WrapperTest", "WrapperTest\WrapperTest.pyproj", "{23E96323-7991-4298-966A-C5733BCC2237}"
EndProject
Global
	GlobalSection(SolutionConfigurationPlatforms) = preSolution
		Debug|Any CPU = Debug|Any CPU
		Release|Any CPU = Release|Any CPU
	EndGlobalSection
	GlobalSection(ProjectConfigurationPlatforms) = postSolution
		{23E96323-7991-4298-966A-C5733BCC2237}.Debug|Any CPU.ActiveCfg = Debug|Any CPU
		{23E96323-7991-4298-966A-C5733BCC2237}.Release|Any CPU.ActiveCfg = Release|Any CPU
	EndGlobalSection
	GlobalSection(SolutionProperties) = preSolution
		HideSolutionNode = FALSE
	EndGlobalSection
	GlobalSection(ExtensibilityGlobals) = postSolution
		SolutionGuid = {17B53CAC-A410-4F5C-AC6B-2F495CB57FC6}
	EndGlobalSection
EndGlobal
